// generated by milpa; reproducible build snapshot
version 1
strategy "maxver"

dep "proptest" {
    source {
        kind "git"
        url (url)"https://github.com/coreyleavitt/proptest"
        ref "main"
    }
    identity "dag-sha256:8482015fec07da97a3bb00e34ce9c900615716a6a87b55ac38f81b83e29d3054"
    version "0.1.0"
    declared_version_source "nimble"
    src_dir "src"
    requires "softlink"
    provenance {
        origin "observed"
        kind "git"
        url "https://github.com/coreyleavitt/proptest.git"
        ref "main"
        commit_sha "14cf5007502bbfcb61c238c5b3503cdb56eeda58"
    }
}

dep "softlink" {
    source {
        kind "git"
        url (url)"https://github.com/coreyleavitt/softlink"
        ref "v0.11.2"
    }
    identity "dag-sha256:9788e3757f25f3ef26f1bc7db0f570a08cc0153a1324bd9301b941b745c37b70"
    version "0.11.2"
    declared_version_source "nimble"
    src_dir "src"
    requires
    provenance {
        origin "observed"
        kind "git"
        url "https://github.com/coreyleavitt/softlink.git"
        ref "v0.11.2"
        commit_sha "872042789d93942e2258d08ff167f44ebc5c8104"
    }
}
