// generated by milpa; reproducible build snapshot
version 1
strategy "maxver"

dep "proptest" {
    source {
        kind "git"
        url (url)"https://github.com/coreyleavitt/nelli"
        ref "ec7a405c354e79c30717b0692ad548bc8bee7414"
    }
    identity "dag-sha256:0406e5ace06f9bf3be85cbf993a027f467646f2edfe4395f756dce63a2fd3c2b"
    version "0.3.4"
    declared_version_source "manifest"
    src_dir "src"
    requires "z3"
    provenance {
        origin "observed"
        kind "git"
        url "https://github.com/coreyleavitt/nelli.git"
        ref "ec7a405c354e79c30717b0692ad548bc8bee7414"
        commit_sha "ec7a405c354e79c30717b0692ad548bc8bee7414"
    }
}

dep "softlink" {
    source {
        kind "git"
        url (url)"https://github.com/coreyleavitt/softlink"
        ref "v0.11.2"
    }
    identity "dag-sha256:9788e3757f25f3ef26f1bc7db0f570a08cc0153a1324bd9301b941b745c37b70"
    version "0.11.2"
    declared_version_source "nimble"
    src_dir "src"
    requires
    provenance {
        origin "observed"
        kind "git"
        url "https://github.com/coreyleavitt/softlink.git"
        ref "v0.11.2"
        commit_sha "872042789d93942e2258d08ff167f44ebc5c8104"
    }
}

dep "z3" {
    source {
        kind "member"
        name "z3"
    }
    version "0.0.0"
    src_dir "src"
    requires
    provenance {
        origin "observed"
        kind "root"
        name "z3"
    }
}
