// generated by milpa; reproducible build snapshot
version 1
strategy "maxver"

dep "softlink" {
    identity "sha256:7ba07d4a1c28324d07eed77e294aed9ed8400a0922060579f820e92473baa373"
    version "0.0.1"
    src_dir "src"
    requires
    provenance {
        kind "git"
        url "https://github.com/coreyleavitt/softlink.git"
        ref "main"
        commit_sha "7be4d350991f8387b0f84153596e48405ed180d8"
    }
}
